{
  "requires": true,
  "lockfileVersion": 1,
  "dependencies": {
    "google-libphonenumber": {
      "version": "3.2.13",
      "resolved": "https://registry.npmjs.org/google-libphonenumber/-/google-libphonenumber-3.2.13.tgz",
      "integrity": "sha512-USnpjJkD8St+wyshy154lF74JeauNCd8vrcusSlWjSFWitXzl7ZSuCunA/XxeVLqBv6DShrSfFMYdwGZ7x4hOw=="
    },
    "lodash": {
      "version": "4.17.20",
      "resolved": "https://registry.npmjs.org/lodash/-/lodash-4.17.20.tgz",
      "integrity": "sha512-PlhdFcillOINfeV7Ni6oF1TAEayyZBoZ8bcshTHqOYJYlrqzRK5hagpagky5o4HfCzzd1TRkXPMFq6cKk9rGmA=="
    }
  }
}
